{
  "nodes": {
    "nixpkgs": {
      "locked": {
        "lastModified": 1671458120,
        "narHash": "sha256-2+k/OONN4OF21TeoNjKB5sXVZv6Zvm/uEyQIW9OYCg8=",
        "owner": "NixOS",
        "repo": "nixpkgs",
        "rev": "e37ef84b478fa8da0ced96522adfd956fde9047a",
        "type": "github"
      },
      "original": {
        "owner": "NixOS",
        "ref": "nixpkgs-unstable",
        "repo": "nixpkgs",
        "type": "github"
      }
    },
    "root": {
      "inputs": {
        "nixpkgs": "nixpkgs",
        "stacklock2nix": "stacklock2nix"
      }
    },
    "stacklock2nix": {
      "locked": {
        "lastModified": 1671367446,
        "narHash": "sha256-285ZqPNpB4DjNYW/TuySFTJfZYWMxf5ZGFPh/cGNxxc=",
        "owner": "cdepillabout",
        "repo": "stacklock2nix",
        "rev": "fa0ba94e1d7971bba8075eed8e9ac521407caad2",
        "type": "github"
      },
      "original": {
        "owner": "cdepillabout",
        "ref": "main",
        "repo": "stacklock2nix",
        "type": "github"
      }
    }
  },
  "root": "root",
  "version": 7
}
