# This file was autogenerated by Stack.
# You should not edit this file by hand.
# For more information, please see the documentation at:
#   https://docs.haskellstack.org/en/stable/lock_files

packages:
- completed:
    hackage: datasets-0.4.0@sha256:9bfd5b54c6c5e1e72384a890cf29bf85a02007e0a31c98753f7d225be3c7fa6a,4929
    pantry-tree:
      sha256: 19c2cb354a1f849ac4dbc9d104a17ee675ee03bc689ea1abdb66171a4b8e994f
      size: 2901
  original:
    hackage: datasets-0.4.0@sha256:9bfd5b54c6c5e1e72384a890cf29bf85a02007e0a31c98753f7d225be3c7fa6a,4929
- completed:
    hackage: require-0.4.10@sha256:41b096daaca0d6be49239add1149af9f34c84640d09a7ffa9b45c55f089b5dac,3759
    pantry-tree:
      sha256: 92ff9768d3b1b6d334ce69a4ec1df75c70d0c08d12b52e0d159ecafe95b38d81
      size: 1046
  original:
    hackage: require-0.4.10@sha256:41b096daaca0d6be49239add1149af9f34c84640d09a7ffa9b45c55f089b5dac,3759
- completed:
    hackage: indexed-extras-0.2@sha256:e7e498023e33016fe45467dfee3c1379862e7e6654a806a965958fa1adc00304,1349
    pantry-tree:
      sha256: bdec8e8a81ac73c2350cf48eab2a7c1122e7e76a55980ac654a0cf4abf305df6
      size: 299
  original:
    hackage: indexed-extras-0.2@sha256:e7e498023e33016fe45467dfee3c1379862e7e6654a806a965958fa1adc00304,1349
- completed:
    hackage: normaldistribution-1.1.0.3@sha256:2615b784c4112cbf6ffa0e2b55b76790290a9b9dff18a05d8c89aa374b213477,2160
    pantry-tree:
      sha256: 856818862d12df8b030fa9cfef2c4ffa604d06f0eb057498db245dfffcd60e3c
      size: 269
  original:
    hackage: normaldistribution-1.1.0.3@sha256:2615b784c4112cbf6ffa0e2b55b76790290a9b9dff18a05d8c89aa374b213477,2160
- completed:
    hackage: term-rewriting-0.4.0.2@sha256:5412f6aa29c5756634ee30e8df923c83ab9f012a4b8797c460af3d7078466764,2740
    pantry-tree:
      sha256: 15a74c023b9caebbea2bda44141a060e78d46673c5768101c14fcd332c2408a0
      size: 3012
  original:
    hackage: term-rewriting-0.4.0.2@sha256:5412f6aa29c5756634ee30e8df923c83ab9f012a4b8797c460af3d7078466764,2740
- completed:
    commit: 0d5afba586da01e0a54e598745676c5c56189178
    git: https://github.com/hasktorch/tintin
    name: tintin
    pantry-tree:
      sha256: 2460a2390da55b13ae326492050bfa28db18865e319c62c8606c775d08ed9140
      size: 2442
    version: 1.10.1
  original:
    commit: 0d5afba586da01e0a54e598745676c5c56189178
    git: https://github.com/hasktorch/tintin
- completed:
    commit: 9d25f0ba303193e97f8b22b9c93cbc84725886c3
    git: https://github.com/hasktorch/tokenizers
    name: tokenizers
    pantry-tree:
      sha256: 77683ae71a6571ddeaf458ffed23088b678890a7433504bf836ae9cc26e38d41
      size: 681
    subdir: bindings/haskell/tokenizers-haskell
    version: 0.1.0.0
  original:
    commit: 9d25f0ba303193e97f8b22b9c93cbc84725886c3
    git: https://github.com/hasktorch/tokenizers
    subdir: bindings/haskell/tokenizers-haskell
- completed:
    commit: 4176e10d4de2d1310506c0fcf6a74956d81d59b6
    git: https://github.com/hasktorch/typelevel-rewrite-rules
    name: typelevel-rewrite-rules
    pantry-tree:
      sha256: 9c9dfb4f3472dc6b692d86bbfeaf91de9e8ba326778ea5ad7bd10ad13335913b
      size: 5814
    version: '1.0'
  original:
    commit: 4176e10d4de2d1310506c0fcf6a74956d81d59b6
    git: https://github.com/hasktorch/typelevel-rewrite-rules
- completed:
    commit: 32d7abec6a21c42a5f960d7f4133d604e8be79ec
    git: https://github.com/hasktorch/type-errors-pretty
    name: type-errors-pretty
    pantry-tree:
      sha256: 81de719e4fd5f5482888545ce553da34532c7321849b7c6f185a57e210936137
      size: 622
    version: 0.0.1.2
  original:
    commit: 32d7abec6a21c42a5f960d7f4133d604e8be79ec
    git: https://github.com/hasktorch/type-errors-pretty
- completed:
    hackage: union-find-array-0.1.0.3@sha256:242e066ec516d61f262947e5794edc7bbc11fd538a0415c03ac0c01b028cfa8a,1372
    pantry-tree:
      sha256: 1c53fba1445e9dde2d72979a049438213c0c500e40189c76818314600fb9d875
      size: 482
  original:
    hackage: union-find-array-0.1.0.3@sha256:242e066ec516d61f262947e5794edc7bbc11fd538a0415c03ac0c01b028cfa8a,1372
- completed:
    hackage: clay-0.14.0@sha256:382eced24317f9ed0f7a0a4789cdfc6fc8dd32895cdb0c4ea50a1613bee08af3,2128
    pantry-tree:
      sha256: 63de34c432705d98e4309392eb0c3901fec45d4bbf9f0aab750db114467533b1
      size: 2256
  original:
    hackage: clay-0.14.0@sha256:382eced24317f9ed0f7a0a4789cdfc6fc8dd32895cdb0c4ea50a1613bee08af3,2128
- completed:
    hackage: inline-c-0.9.1.10@sha256:6cf9e1b77dbbda657c382a22ba117114f4fcf44731d63258a269766f6c3027bf,3174
    pantry-tree:
      sha256: 76d3f9598653850382463b56418b7c205e97d8bccb7b52d2aed550712a2cb688
      size: 1309
  original:
    hackage: inline-c-0.9.1.10
- completed:
    hackage: inline-c-cpp-0.5.0.2@sha256:2c6ddef649dcb74ff08b57a0ce6e7cf5f1ef39d59bb4848f122ce14bd139ce54,4257
    pantry-tree:
      sha256: f8dba85601ed525f2900959494f5d1c6b705a54a9a9e10252a253f5d65bd02fc
      size: 960
  original:
    hackage: inline-c-cpp-0.5.0.2@sha256:2c6ddef649dcb74ff08b57a0ce6e7cf5f1ef39d59bb4848f122ce14bd139ce54,4257
snapshots:
- completed:
    sha256: 5a59b2a405b3aba3c00188453be172b85893cab8ebc352b1ef58b0eae5d248a2
    size: 650475
    url: https://raw.githubusercontent.com/commercialhaskell/stackage-snapshots/master/lts/20/26.yaml
  original: lts-20.26
